resolved_at: 2026-04-10T09:08:03.389Z
project_slug: eden
packs:
  - id: eden
    source: ./
    ref: fbf7a12a177ebf0f670ff3f4db80eaa540d218de
    pack_version: 1
effective:
  agents_count: 16
  teams_count: 1
  routes_count: 2
  profiles_count: 5
  agents_hash: 35f00b25
  teams_hash: 32e0a8af
  chat_hash: 6cbc3b5f
