resolved_at: 2026-03-25T08:28:50.171Z
project_slug: eden
packs:
  - id: eden
    source: ./
    ref: 3586f8bd120b3db355eb3566bafa530e0db83733
    pack_version: 1
effective:
  agents_count: 15
  teams_count: 1
  routes_count: 1
  profiles_count: 3
  agents_hash: 49605feb
  teams_hash: 32e0a8af
  chat_hash: 09f8d663
