resolved_at: 2026-03-24T16:52:56.660Z
project_slug: eden
packs:
  - id: eden
    source: ./
    ref: 3e7c63750cf1d5192a98a3905d2af0337a57adff
    pack_version: 1
effective:
  agents_count: 15
  teams_count: 1
  routes_count: 1
  profiles_count: 3
  agents_hash: 49605feb
  teams_hash: 32e0a8af
  chat_hash: 09f8d663
